
Microsoft Visual Studio Solution File, Format Version 12.00
# Visual Studio Version 16
VisualStudioVersion = 16.0.32929.386
MinimumVisualStudioVersion = 10.0.40219.1
Project("{FAE04EC0-301F-11D3-BF4B-00C04F79EFBC}") = "Lesson3_Exercise", "Lesson3_Exercise.csproj", "{66B48021-2693-45EA-ADEA-F7CDE9F043EF}"
EndProject
Global
	GlobalSection(SolutionConfigurationPlatforms) = preSolution
		Debug|Any CPU = Debug|Any CPU
		Release|Any CPU = Release|Any CPU
	EndGlobalSection
	GlobalSection(ProjectConfigurationPlatforms) = postSolution
		{66B48021-2693-45EA-ADEA-F7CDE9F043EF}.Debug|Any CPU.ActiveCfg = Debug|Any CPU
		{66B48021-2693-45EA-ADEA-F7CDE9F043EF}.Debug|Any CPU.Build.0 = Debug|Any CPU
		{66B48021-2693-45EA-ADEA-F7CDE9F043EF}.Release|Any CPU.ActiveCfg = Release|Any CPU
		{66B48021-2693-45EA-ADEA-F7CDE9F043EF}.Release|Any CPU.Build.0 = Release|Any CPU
	EndGlobalSection
	GlobalSection(SolutionProperties) = preSolution
		HideSolutionNode = FALSE
	EndGlobalSection
	GlobalSection(ExtensibilityGlobals) = postSolution
		SolutionGuid = {779DAF61-BD8A-425B-9093-93A1BD0246B5}
	EndGlobalSection
EndGlobal
